
Microsoft Visual Studio Solution File, Format Version 12.00
# Visual Studio 15
VisualStudioVersion = 15.0.26124.0
MinimumVisualStudioVersion = 15.0.26124.0
Project("{FAE04EC0-301F-11D3-BF4B-00C04F79EFBC}") = "API", "API\API.csproj", "{106B51EA-6A85-4C73-94EA-3B72CC1DFD5D}"
EndProject
Project("{FAE04EC0-301F-11D3-BF4B-00C04F79EFBC}") = "Application", "Application\Application.csproj", "{2DBFB8B6-1BE5-417A-B1CC-1AA9D3A598FA}"
EndProject
Project("{FAE04EC0-301F-11D3-BF4B-00C04F79EFBC}") = "Persistence", "Persistence\Persistence.csproj", "{E184CE23-A211-4C01-B44F-FEDB87D58B84}"
EndProject
Project("{FAE04EC0-301F-11D3-BF4B-00C04F79EFBC}") = "Domain", "Domain\Domain.csproj", "{0C6D40DF-FAD9-4216-9EB2-642401098BAA}"
EndProject
Global
	GlobalSection(SolutionConfigurationPlatforms) = preSolution
		Debug|Any CPU = Debug|Any CPU
		Debug|x64 = Debug|x64
		Debug|x86 = Debug|x86
		Release|Any CPU = Release|Any CPU
		Release|x64 = Release|x64
		Release|x86 = Release|x86
	EndGlobalSection
	GlobalSection(SolutionProperties) = preSolution
		HideSolutionNode = FALSE
	EndGlobalSection
	GlobalSection(ProjectConfigurationPlatforms) = postSolution
		{106B51EA-6A85-4C73-94EA-3B72CC1DFD5D}.Debug|Any CPU.ActiveCfg = Debug|Any CPU
		{106B51EA-6A85-4C73-94EA-3B72CC1DFD5D}.Debug|Any CPU.Build.0 = Debug|Any CPU
		{106B51EA-6A85-4C73-94EA-3B72CC1DFD5D}.Debug|x64.ActiveCfg = Debug|Any CPU
		{106B51EA-6A85-4C73-94EA-3B72CC1DFD5D}.Debug|x64.Build.0 = Debug|Any CPU
		{106B51EA-6A85-4C73-94EA-3B72CC1DFD5D}.Debug|x86.ActiveCfg = Debug|Any CPU
		{106B51EA-6A85-4C73-94EA-3B72CC1DFD5D}.Debug|x86.Build.0 = Debug|Any CPU
		{106B51EA-6A85-4C73-94EA-3B72CC1DFD5D}.Release|Any CPU.ActiveCfg = Release|Any CPU
		{106B51EA-6A85-4C73-94EA-3B72CC1DFD5D}.Release|Any CPU.Build.0 = Release|Any CPU
		{106B51EA-6A85-4C73-94EA-3B72CC1DFD5D}.Release|x64.ActiveCfg = Release|Any CPU
		{106B51EA-6A85-4C73-94EA-3B72CC1DFD5D}.Release|x64.Build.0 = Release|Any CPU
		{106B51EA-6A85-4C73-94EA-3B72CC1DFD5D}.Release|x86.ActiveCfg = Release|Any CPU
		{106B51EA-6A85-4C73-94EA-3B72CC1DFD5D}.Release|x86.Build.0 = Release|Any CPU
		{2DBFB8B6-1BE5-417A-B1CC-1AA9D3A598FA}.Debug|Any CPU.ActiveCfg = Debug|Any CPU
		{2DBFB8B6-1BE5-417A-B1CC-1AA9D3A598FA}.Debug|Any CPU.Build.0 = Debug|Any CPU
		{2DBFB8B6-1BE5-417A-B1CC-1AA9D3A598FA}.Debug|x64.ActiveCfg = Debug|Any CPU
		{2DBFB8B6-1BE5-417A-B1CC-1AA9D3A598FA}.Debug|x64.Build.0 = Debug|Any CPU
		{2DBFB8B6-1BE5-417A-B1CC-1AA9D3A598FA}.Debug|x86.ActiveCfg = Debug|Any CPU
		{2DBFB8B6-1BE5-417A-B1CC-1AA9D3A598FA}.Debug|x86.Build.0 = Debug|Any CPU
		{2DBFB8B6-1BE5-417A-B1CC-1AA9D3A598FA}.Release|Any CPU.ActiveCfg = Release|Any CPU
		{2DBFB8B6-1BE5-417A-B1CC-1AA9D3A598FA}.Release|Any CPU.Build.0 = Release|Any CPU
		{2DBFB8B6-1BE5-417A-B1CC-1AA9D3A598FA}.Release|x64.ActiveCfg = Release|Any CPU
		{2DBFB8B6-1BE5-417A-B1CC-1AA9D3A598FA}.Release|x64.Build.0 = Release|Any CPU
		{2DBFB8B6-1BE5-417A-B1CC-1AA9D3A598FA}.Release|x86.ActiveCfg = Release|Any CPU
		{2DBFB8B6-1BE5-417A-B1CC-1AA9D3A598FA}.Release|x86.Build.0 = Release|Any CPU
		{E184CE23-A211-4C01-B44F-FEDB87D58B84}.Debug|Any CPU.ActiveCfg = Debug|Any CPU
		{E184CE23-A211-4C01-B44F-FEDB87D58B84}.Debug|Any CPU.Build.0 = Debug|Any CPU
		{E184CE23-A211-4C01-B44F-FEDB87D58B84}.Debug|x64.ActiveCfg = Debug|Any CPU
		{E184CE23-A211-4C01-B44F-FEDB87D58B84}.Debug|x64.Build.0 = Debug|Any CPU
		{E184CE23-A211-4C01-B44F-FEDB87D58B84}.Debug|x86.ActiveCfg = Debug|Any CPU
		{E184CE23-A211-4C01-B44F-FEDB87D58B84}.Debug|x86.Build.0 = Debug|Any CPU
		{E184CE23-A211-4C01-B44F-FEDB87D58B84}.Release|Any CPU.ActiveCfg = Release|Any CPU
		{E184CE23-A211-4C01-B44F-FEDB87D58B84}.Release|Any CPU.Build.0 = Release|Any CPU
		{E184CE23-A211-4C01-B44F-FEDB87D58B84}.Release|x64.ActiveCfg = Release|Any CPU
		{E184CE23-A211-4C01-B44F-FEDB87D58B84}.Release|x64.Build.0 = Release|Any CPU
		{E184CE23-A211-4C01-B44F-FEDB87D58B84}.Release|x86.ActiveCfg = Release|Any CPU
		{E184CE23-A211-4C01-B44F-FEDB87D58B84}.Release|x86.Build.0 = Release|Any CPU
		{0C6D40DF-FAD9-4216-9EB2-642401098BAA}.Debug|Any CPU.ActiveCfg = Debug|Any CPU
		{0C6D40DF-FAD9-4216-9EB2-642401098BAA}.Debug|Any CPU.Build.0 = Debug|Any CPU
		{0C6D40DF-FAD9-4216-9EB2-642401098BAA}.Debug|x64.ActiveCfg = Debug|Any CPU
		{0C6D40DF-FAD9-4216-9EB2-642401098BAA}.Debug|x64.Build.0 = Debug|Any CPU
		{0C6D40DF-FAD9-4216-9EB2-642401098BAA}.Debug|x86.ActiveCfg = Debug|Any CPU
		{0C6D40DF-FAD9-4216-9EB2-642401098BAA}.Debug|x86.Build.0 = Debug|Any CPU
		{0C6D40DF-FAD9-4216-9EB2-642401098BAA}.Release|Any CPU.ActiveCfg = Release|Any CPU
		{0C6D40DF-FAD9-4216-9EB2-642401098BAA}.Release|Any CPU.Build.0 = Release|Any CPU
		{0C6D40DF-FAD9-4216-9EB2-642401098BAA}.Release|x64.ActiveCfg = Release|Any CPU
		{0C6D40DF-FAD9-4216-9EB2-642401098BAA}.Release|x64.Build.0 = Release|Any CPU
		{0C6D40DF-FAD9-4216-9EB2-642401098BAA}.Release|x86.ActiveCfg = Release|Any CPU
		{0C6D40DF-FAD9-4216-9EB2-642401098BAA}.Release|x86.Build.0 = Release|Any CPU
	EndGlobalSection
EndGlobal
